
Microsoft Visual Studio Solution File, Format Version 12.00
# Visual Studio Version 16
VisualStudioVersion = 16.0.31624.102
MinimumVisualStudioVersion = 10.0.40219.1
Project("{FAE04EC0-301F-11D3-BF4B-00C04F79EFBC}") = "ChildcareScouter", "ChildcareScouter\ChildcareScouter.csproj", "{F7E8445B-0AB0-4664-BB23-7FC47636AA72}"
EndProject
Global
	GlobalSection(SolutionConfigurationPlatforms) = preSolution
		Debug|Any CPU = Debug|Any CPU
		Release|Any CPU = Release|Any CPU
	EndGlobalSection
	GlobalSection(ProjectConfigurationPlatforms) = postSolution
		{F7E8445B-0AB0-4664-BB23-7FC47636AA72}.Debug|Any CPU.ActiveCfg = Debug|Any CPU
		{F7E8445B-0AB0-4664-BB23-7FC47636AA72}.Debug|Any CPU.Build.0 = Debug|Any CPU
		{F7E8445B-0AB0-4664-BB23-7FC47636AA72}.Release|Any CPU.ActiveCfg = Release|Any CPU
		{F7E8445B-0AB0-4664-BB23-7FC47636AA72}.Release|Any CPU.Build.0 = Release|Any CPU
	EndGlobalSection
	GlobalSection(SolutionProperties) = preSolution
		HideSolutionNode = FALSE
	EndGlobalSection
	GlobalSection(ExtensibilityGlobals) = postSolution
		SolutionGuid = {7E2E3025-27D7-4165-AD53-D53A26194806}
	EndGlobalSection
EndGlobal
